// !$*UTF8*$!
{
	archiveVersion = 1;
	classes = {
	};
	objectVersion = 56;
	objects = {

/* Begin PBXBuildFile section */
		756BA09C29E0367D008F83E2 /* AppDelegate.m in Sources */ = {isa = PBXBuildFile; fileRef = 756BA09B29E0367D008F83E2 /* AppDelegate.m */; };
		756BA0A229E0367D008F83E2 /* ViewController.m in Sources */ = {isa = PBXBuildFile; fileRef = 756BA0A129E0367D008F83E2 /* ViewController.m */; };
		756BA0A729E0367F008F83E2 /* Assets.xcassets in Resources */ = {isa = PBXBuildFile; fileRef = 756BA0A629E0367F008F83E2 /* Assets.xcassets */; };
		756BA0AA29E0367F008F83E2 /* LaunchScreen.storyboard in Resources */ = {isa = PBXBuildFile; fileRef = 756BA0A829E0367F008F83E2 /* LaunchScreen.storyboard */; };
		756BA0AD29E0367F008F83E2 /* main.m in Sources */ = {isa = PBXBuildFile; fileRef = 756BA0AC29E0367F008F83E2 /* main.m */; };
		756BA0B829E0433C008F83E2 /* MutiReturn.m in Sources */ = {isa = PBXBuildFile; fileRef = 756BA0B729E0433C008F83E2 /* MutiReturn.m */; };
		756BA0BB29E10AA4008F83E2 /* Protocol&Block.m in Sources */ = {isa = PBXBuildFile; fileRef = 756BA0BA29E10AA4008F83E2 /* Protocol&Block.m */; };
		756BA0BE29E11285008F83E2 /* CalculatorMaker.m in Sources */ = {isa = PBXBuildFile; fileRef = 756BA0BD29E11285008F83E2 /* CalculatorMaker.m */; };
/* End PBXBuildFile section */

/* Begin PBXFileReference section */
		756BA09729E0367D008F83E2 /* Demo.app */ = {isa = PBXFileReference; explicitFileType = wrapper.application; includeInIndex = 0; path = Demo.app; sourceTree = BUILT_PRODUCTS_DIR; };
		756BA09A29E0367D008F83E2 /* AppDelegate.h */ = {isa = PBXFileReference; lastKnownFileType = sourcecode.c.h; path = AppDelegate.h; sourceTree = "<group>"; };
		756BA09B29E0367D008F83E2 /* AppDelegate.m */ = {isa = PBXFileReference; lastKnownFileType = sourcecode.c.objc; path = AppDelegate.m; sourceTree = "<group>"; };
		756BA0A029E0367D008F83E2 /* ViewController.h */ = {isa = PBXFileReference; lastKnownFileType = sourcecode.c.h; path = ViewController.h; sourceTree = "<group>"; };
		756BA0A129E0367D008F83E2 /* ViewController.m */ = {isa = PBXFileReference; lastKnownFileType = sourcecode.c.objc; path = ViewController.m; sourceTree = "<group>"; };
		756BA0A629E0367F008F83E2 /* Assets.xcassets */ = {isa = PBXFileReference; lastKnownFileType = folder.assetcatalog; path = Assets.xcassets; sourceTree = "<group>"; };
		756BA0A929E0367F008F83E2 /* Base */ = {isa = PBXFileReference; lastKnownFileType = file.storyboard; name = Base; path = Base.lproj/LaunchScreen.storyboard; sourceTree = "<group>"; };
		756BA0AB29E0367F008F83E2 /* Info.plist */ = {isa = PBXFileReference; lastKnownFileType = text.plist.xml; path = Info.plist; sourceTree = "<group>"; };
		756BA0AC29E0367F008F83E2 /* main.m */ = {isa = PBXFileReference; lastKnownFileType = sourcecode.c.objc; path = main.m; sourceTree = "<group>"; };
		756BA0B629E0433C008F83E2 /* MutiReturn.h */ = {isa = PBXFileReference; lastKnownFileType = sourcecode.c.h; path = MutiReturn.h; sourceTree = "<group>"; };
		756BA0B729E0433C008F83E2 /* MutiReturn.m */ = {isa = PBXFileReference; lastKnownFileType = sourcecode.c.objc; path = MutiReturn.m; sourceTree = "<group>"; };
		756BA0B929E10AA4008F83E2 /* Protocol&Block.h */ = {isa = PBXFileReference; lastKnownFileType = sourcecode.c.h; path = "Protocol&Block.h"; sourceTree = "<group>"; };
		756BA0BA29E10AA4008F83E2 /* Protocol&Block.m */ = {isa = PBXFileReference; lastKnownFileType = sourcecode.c.objc; path = "Protocol&Block.m"; sourceTree = "<group>"; };
		756BA0BC29E11285008F83E2 /* CalculatorMaker.h */ = {isa = PBXFileReference; lastKnownFileType = sourcecode.c.h; path = CalculatorMaker.h; sourceTree = "<group>"; };
		756BA0BD29E11285008F83E2 /* CalculatorMaker.m */ = {isa = PBXFileReference; lastKnownFileType = sourcecode.c.objc; path = CalculatorMaker.m; sourceTree = "<group>"; };
/* End PBXFileReference section */

/* Begin PBXFrameworksBuildPhase section */
		756BA09429E0367D008F83E2 /* Frameworks */ = {
			isa = PBXFrameworksBuildPhase;
			buildActionMask = 2147483647;
			files = (
			);
			runOnlyForDeploymentPostprocessing = 0;
		};
/* End PBXFrameworksBuildPhase section */

/* Begin PBXGroup section */
		756BA08E29E0367D008F83E2 = {
			isa = PBXGroup;
			children = (
				756BA09929E0367D008F83E2 /* Demo */,
				756BA09829E0367D008F83E2 /* Products */,
			);
			sourceTree = "<group>";
		};
		756BA09829E0367D008F83E2 /* Products */ = {
			isa = PBXGroup;
			children = (
				756BA09729E0367D008F83E2 /* Demo.app */,
			);
			name = Products;
			sourceTree = "<group>";
		};
		756BA09929E0367D008F83E2 /* Demo */ = {
			isa = PBXGroup;
			children = (
				756BA09A29E0367D008F83E2 /* AppDelegate.h */,
				756BA09B29E0367D008F83E2 /* AppDelegate.m */,
				756BA0A029E0367D008F83E2 /* ViewController.h */,
				756BA0A129E0367D008F83E2 /* ViewController.m */,
				756BA0B629E0433C008F83E2 /* MutiReturn.h */,
				756BA0B729E0433C008F83E2 /* MutiReturn.m */,
				756BA0B929E10AA4008F83E2 /* Protocol&Block.h */,
				756BA0BA29E10AA4008F83E2 /* Protocol&Block.m */,
				756BA0BC29E11285008F83E2 /* CalculatorMaker.h */,
				756BA0BD29E11285008F83E2 /* CalculatorMaker.m */,
				756BA0A629E0367F008F83E2 /* Assets.xcassets */,
				756BA0A829E0367F008F83E2 /* LaunchScreen.storyboard */,
				756BA0AB29E0367F008F83E2 /* Info.plist */,
				756BA0AC29E0367F008F83E2 /* main.m */,
			);
			path = Demo;
			sourceTree = "<group>";
		};
/* End PBXGroup section */

/* Begin PBXNativeTarget section */
		756BA09629E0367D008F83E2 /* Demo */ = {
			isa = PBXNativeTarget;
			buildConfigurationList = 756BA0B029E0367F008F83E2 /* Build configuration list for PBXNativeTarget "Demo" */;
			buildPhases = (
				756BA09329E0367D008F83E2 /* Sources */,
				756BA09429E0367D008F83E2 /* Frameworks */,
				756BA09529E0367D008F83E2 /* Resources */,
			);
			buildRules = (
			);
			dependencies = (
			);
			name = Demo;
			productName = Demo;
			productReference = 756BA09729E0367D008F83E2 /* Demo.app */;
			productType = "com.apple.product-type.application";
		};
/* End PBXNativeTarget section */

/* Begin PBXProject section */
		756BA08F29E0367D008F83E2 /* Project object */ = {
			isa = PBXProject;
			attributes = {
				BuildIndependentTargetsInParallel = 1;
				LastUpgradeCheck = 1430;
				TargetAttributes = {
					756BA09629E0367D008F83E2 = {
						CreatedOnToolsVersion = 14.3;
					};
				};
			};
			buildConfigurationList = 756BA09229E0367D008F83E2 /* Build configuration list for PBXProject "Demo" */;
			compatibilityVersion = "Xcode 14.0";
			developmentRegion = en;
			hasScannedForEncodings = 0;
			knownRegions = (
				en,
				Base,
			);
			mainGroup = 756BA08E29E0367D008F83E2;
			productRefGroup = 756BA09829E0367D008F83E2 /* Products */;
			projectDirPath = "";
			projectRoot = "";
			targets = (
				756BA09629E0367D008F83E2 /* Demo */,
			);
		};
/* End PBXProject section */

/* Begin PBXResourcesBuildPhase section */
		756BA09529E0367D008F83E2 /* Resources */ = {
			isa = PBXResourcesBuildPhase;
			buildActionMask = 2147483647;
			files = (
				756BA0AA29E0367F008F83E2 /* LaunchScreen.storyboard in Resources */,
				756BA0A729E0367F008F83E2 /* Assets.xcassets in Resources */,
			);
			runOnlyForDeploymentPostprocessing = 0;
		};
/* End PBXResourcesBuildPhase section */

/* Begin PBXSourcesBuildPhase section */
		756BA09329E0367D008F83E2 /* Sources */ = {
			isa = PBXSourcesBuildPhase;
			buildActionMask = 2147483647;
			files = (
				756BA0BB29E10AA4008F83E2 /* Protocol&Block.m in Sources */,
				756BA0A229E0367D008F83E2 /* ViewController.m in Sources */,
				756BA0BE29E11285008F83E2 /* CalculatorMaker.m in Sources */,
				756BA0B829E0433C008F83E2 /* MutiReturn.m in Sources */,
				756BA09C29E0367D008F83E2 /* AppDelegate.m in Sources */,
				756BA0AD29E0367F008F83E2 /* main.m in Sources */,
			);
			runOnlyForDeploymentPostprocessing = 0;
		};
/* End PBXSourcesBuildPhase section */

/* Begin PBXVariantGroup section */
		756BA0A829E0367F008F83E2 /* LaunchScreen.storyboard */ = {
			isa = PBXVariantGroup;
			children = (
				756BA0A929E0367F008F83E2 /* Base */,
			);
			name = LaunchScreen.storyboard;
			sourceTree = "<group>";
		};
/* End PBXVariantGroup section */

/* Begin XCBuildConfiguration section */
		756BA0AE29E0367F008F83E2 /* Debug */ = {
			isa = XCBuildConfiguration;
			buildSettings = {
				ALWAYS_SEARCH_USER_PATHS = NO;
				CLANG_ANALYZER_NONNULL = YES;
				CLANG_ANALYZER_NUMBER_OBJECT_CONVERSION = YES_AGGRESSIVE;
				CLANG_CXX_LANGUAGE_STANDARD = "gnu++20";
				CLANG_ENABLE_MODULES = YES;
				CLANG_ENABLE_OBJC_ARC = YES;
				CLANG_ENABLE_OBJC_WEAK = YES;
				CLANG_WARN_BLOCK_CAPTURE_AUTORELEASING = YES;
				CLANG_WARN_BOOL_CONVERSION = YES;
				CLANG_WARN_COMMA = YES;
				CLANG_WARN_CONSTANT_CONVERSION = YES;
				CLANG_WARN_DEPRECATED_OBJC_IMPLEMENTATIONS = YES;
				CLANG_WARN_DIRECT_OBJC_ISA_USAGE = YES_ERROR;
				CLANG_WARN_DOCUMENTATION_COMMENTS = YES;
				CLANG_WARN_EMPTY_BODY = YES;
				CLANG_WARN_ENUM_CONVERSION = YES;
				CLANG_WARN_INFINITE_RECURSION = YES;
				CLANG_WARN_INT_CONVERSION = YES;
				CLANG_WARN_NON_LITERAL_NULL_CONVERSION = YES;
				CLANG_WARN_OBJC_IMPLICIT_RETAIN_SELF = YES;
				CLANG_WARN_OBJC_LITERAL_CONVERSION = YES;
				CLANG_WARN_OBJC_ROOT_CLASS = YES_ERROR;
				CLANG_WARN_QUOTED_INCLUDE_IN_FRAMEWORK_HEADER = YES;
				CLANG_WARN_RANGE_LOOP_ANALYSIS = YES;
				CLANG_WARN_STRICT_PROTOTYPES = YES;
				CLANG_WARN_SUSPICIOUS_MOVE = YES;
				CLANG_WARN_UNGUARDED_AVAILABILITY = YES_AGGRESSIVE;
				CLANG_WARN_UNREACHABLE_CODE = YES;
				CLANG_WARN__DUPLICATE_METHOD_MATCH = YES;
				COPY_PHASE_STRIP = NO;
				DEBUG_INFORMATION_FORMAT = dwarf;
				ENABLE_STRICT_OBJC_MSGSEND = YES;
				ENABLE_TESTABILITY = YES;
				GCC_C_LANGUAGE_STANDARD = gnu11;
				GCC_DYNAMIC_NO_PIC = NO;
				GCC_NO_COMMON_BLOCKS = YES;
				GCC_OPTIMIZATION_LEVEL = 0;
				GCC_PREPROCESSOR_DEFINITIONS = (
					"DEBUG=1",
					"$(inherited)",
				);
				GCC_WARN_64_TO_32_BIT_CONVERSION = YES;
				GCC_WARN_ABOUT_RETURN_TYPE = YES_ERROR;
				GCC_WARN_UNDECLARED_SELECTOR = YES;
				GCC_WARN_UNINITIALIZED_AUTOS = YES_AGGRESSIVE;
				GCC_WARN_UNUSED_FUNCTION = YES;
				GCC_WARN_UNUSED_VARIABLE = YES;
				IPHONEOS_DEPLOYMENT_TARGET = 16.4;
				MTL_ENABLE_DEBUG_INFO = INCLUDE_SOURCE;
				MTL_FAST_MATH = YES;
				ONLY_ACTIVE_ARCH = YES;
				SDKROOT = iphoneos;
			};
			name = Debug;
		};
		756BA0AF29E0367F008F83E2 /* Release */ = {
			isa = XCBuildConfiguration;
			buildSettings = {
				ALWAYS_SEARCH_USER_PATHS = NO;
				CLANG_ANALYZER_NONNULL = YES;
				CLANG_ANALYZER_NUMBER_OBJECT_CONVERSION = YES_AGGRESSIVE;
				CLANG_CXX_LANGUAGE_STANDARD = "gnu++20";
				CLANG_ENABLE_MODULES = YES;
				CLANG_ENABLE_OBJC_ARC = YES;
				CLANG_ENABLE_OBJC_WEAK = YES;
				CLANG_WARN_BLOCK_CAPTURE_AUTORELEASING = YES;
				CLANG_WARN_BOOL_CONVERSION = YES;
				CLANG_WARN_COMMA = YES;
				CLANG_WARN_CONSTANT_CONVERSION = YES;
				CLANG_WARN_DEPRECATED_OBJC_IMPLEMENTATIONS = YES;
				CLANG_WARN_DIRECT_OBJC_ISA_USAGE = YES_ERROR;
				CLANG_WARN_DOCUMENTATION_COMMENTS = YES;
				CLANG_WARN_EMPTY_BODY = YES;
				CLANG_WARN_ENUM_CONVERSION = YES;
				CLANG_WARN_INFINITE_RECURSION = YES;
				CLANG_WARN_INT_CONVERSION = YES;
				CLANG_WARN_NON_LITERAL_NULL_CONVERSION = YES;
				CLANG_WARN_OBJC_IMPLICIT_RETAIN_SELF = YES;
				CLANG_WARN_OBJC_LITERAL_CONVERSION = YES;
				CLANG_WARN_OBJC_ROOT_CLASS = YES_ERROR;
				CLANG_WARN_QUOTED_INCLUDE_IN_FRAMEWORK_HEADER = YES;
				CLANG_WARN_RANGE_LOOP_ANALYSIS = YES;
				CLANG_WARN_STRICT_PROTOTYPES = YES;
				CLANG_WARN_SUSPICIOUS_MOVE = YES;
				CLANG_WARN_UNGUARDED_AVAILABILITY = YES_AGGRESSIVE;
				CLANG_WARN_UNREACHABLE_CODE = YES;
				CLANG_WARN__DUPLICATE_METHOD_MATCH = YES;
				COPY_PHASE_STRIP = NO;
				DEBUG_INFORMATION_FORMAT = "dwarf-with-dsym";
				ENABLE_NS_ASSERTIONS = NO;
				ENABLE_STRICT_OBJC_MSGSEND = YES;
				GCC_C_LANGUAGE_STANDARD = gnu11;
				GCC_NO_COMMON_BLOCKS = YES;
				GCC_WARN_64_TO_32_BIT_CONVERSION = YES;
				GCC_WARN_ABOUT_RETURN_TYPE = YES_ERROR;
				GCC_WARN_UNDECLARED_SELECTOR = YES;
				GCC_WARN_UNINITIALIZED_AUTOS = YES_AGGRESSIVE;
				GCC_WARN_UNUSED_FUNCTION = YES;
				GCC_WARN_UNUSED_VARIABLE = YES;
				IPHONEOS_DEPLOYMENT_TARGET = 16.4;
				MTL_ENABLE_DEBUG_INFO = NO;
				MTL_FAST_MATH = YES;
				SDKROOT = iphoneos;
				VALIDATE_PRODUCT = YES;
			};
			name = Release;
		};
		756BA0B129E0367F008F83E2 /* Debug */ = {
			isa = XCBuildConfiguration;
			buildSettings = {
				ASSETCATALOG_COMPILER_APPICON_NAME = AppIcon;
				ASSETCATALOG_COMPILER_GLOBAL_ACCENT_COLOR_NAME = AccentColor;
				CODE_SIGN_STYLE = Automatic;
				CURRENT_PROJECT_VERSION = 1;
				GENERATE_INFOPLIST_FILE = YES;
				INFOPLIST_FILE = Demo/Info.plist;
				INFOPLIST_KEY_UIApplicationSupportsIndirectInputEvents = YES;
				INFOPLIST_KEY_UILaunchStoryboardName = LaunchScreen;
				INFOPLIST_KEY_UIMainStoryboardFile = "";
				INFOPLIST_KEY_UISupportedInterfaceOrientations_iPad = "UIInterfaceOrientationPortrait UIInterfaceOrientationPortraitUpsideDown UIInterfaceOrientationLandscapeLeft UIInterfaceOrientationLandscapeRight";
				INFOPLIST_KEY_UISupportedInterfaceOrientations_iPhone = "UIInterfaceOrientationPortrait UIInterfaceOrientationLandscapeLeft UIInterfaceOrientationLandscapeRight";
				IPHONEOS_DEPLOYMENT_TARGET = 11.0;
				LD_RUNPATH_SEARCH_PATHS = (
					"$(inherited)",
					"@executable_path/Frameworks",
				);
				MARKETING_VERSION = 1.0;
				PRODUCT_BUNDLE_IDENTIFIER = "Max-Xu.Demo";
				PRODUCT_NAME = "$(TARGET_NAME)";
				SWIFT_EMIT_LOC_STRINGS = YES;
				TARGETED_DEVICE_FAMILY = "1,2";
			};
			name = Debug;
		};
		756BA0B229E0367F008F83E2 /* Release */ = {
			isa = XCBuildConfiguration;
			buildSettings = {
				ASSETCATALOG_COMPILER_APPICON_NAME = AppIcon;
				ASSETCATALOG_COMPILER_GLOBAL_ACCENT_COLOR_NAME = AccentColor;
				CODE_SIGN_STYLE = Automatic;
				CURRENT_PROJECT_VERSION = 1;
				GENERATE_INFOPLIST_FILE = YES;
				INFOPLIST_FILE = Demo/Info.plist;
				INFOPLIST_KEY_UIApplicationSupportsIndirectInputEvents = YES;
				INFOPLIST_KEY_UILaunchStoryboardName = LaunchScreen;
				INFOPLIST_KEY_UIMainStoryboardFile = "";
				INFOPLIST_KEY_UISupportedInterfaceOrientations_iPad = "UIInterfaceOrientationPortrait UIInterfaceOrientationPortraitUpsideDown UIInterfaceOrientationLandscapeLeft UIInterfaceOrientationLandscapeRight";
				INFOPLIST_KEY_UISupportedInterfaceOrientations_iPhone = "UIInterfaceOrientationPortrait UIInterfaceOrientationLandscapeLeft UIInterfaceOrientationLandscapeRight";
				IPHONEOS_DEPLOYMENT_TARGET = 11.0;
				LD_RUNPATH_SEARCH_PATHS = (
					"$(inherited)",
					"@executable_path/Frameworks",
				);
				MARKETING_VERSION = 1.0;
				PRODUCT_BUNDLE_IDENTIFIER = "Max-Xu.Demo";
				PRODUCT_NAME = "$(TARGET_NAME)";
				SWIFT_EMIT_LOC_STRINGS = YES;
				TARGETED_DEVICE_FAMILY = "1,2";
			};
			name = Release;
		};
/* End XCBuildConfiguration section */

/* Begin XCConfigurationList section */
		756BA09229E0367D008F83E2 /* Build configuration list for PBXProject "Demo" */ = {
			isa = XCConfigurationList;
			buildConfigurations = (
				756BA0AE29E0367F008F83E2 /* Debug */,
				756BA0AF29E0367F008F83E2 /* Release */,
			);
			defaultConfigurationIsVisible = 0;
			defaultConfigurationName = Release;
		};
		756BA0B029E0367F008F83E2 /* Build configuration list for PBXNativeTarget "Demo" */ = {
			isa = XCConfigurationList;
			buildConfigurations = (
				756BA0B129E0367F008F83E2 /* Debug */,
				756BA0B229E0367F008F83E2 /* Release */,
			);
			defaultConfigurationIsVisible = 0;
			defaultConfigurationName = Release;
		};
/* End XCConfigurationList section */
	};
	rootObject = 756BA08F29E0367D008F83E2 /* Project object */;
}
